
Microsoft Visual Studio Solution File, Format Version 12.00
# Visual Studio Version 17
VisualStudioVersion = 17.3.32929.385
MinimumVisualStudioVersion = 10.0.40219.1
Project("{FAE04EC0-301F-11D3-BF4B-00C04F79EFBC}") = "UserRegistrationProblem", "UserRegistrationProblem.csproj", "{34EA4581-BD9F-403A-B5EC-8BB32828E5FA}"
EndProject
Global
	GlobalSection(SolutionConfigurationPlatforms) = preSolution
		Debug|Any CPU = Debug|Any CPU
		Release|Any CPU = Release|Any CPU
	EndGlobalSection
	GlobalSection(ProjectConfigurationPlatforms) = postSolution
		{34EA4581-BD9F-403A-B5EC-8BB32828E5FA}.Debug|Any CPU.ActiveCfg = Debug|Any CPU
		{34EA4581-BD9F-403A-B5EC-8BB32828E5FA}.Debug|Any CPU.Build.0 = Debug|Any CPU
		{34EA4581-BD9F-403A-B5EC-8BB32828E5FA}.Release|Any CPU.ActiveCfg = Release|Any CPU
		{34EA4581-BD9F-403A-B5EC-8BB32828E5FA}.Release|Any CPU.Build.0 = Release|Any CPU
	EndGlobalSection
	GlobalSection(SolutionProperties) = preSolution
		HideSolutionNode = FALSE
	EndGlobalSection
	GlobalSection(ExtensibilityGlobals) = postSolution
		SolutionGuid = {16FC3632-24B1-4D29-BD15-F6BC53863A38}
	EndGlobalSection
EndGlobal
